{
  "pins" : [
    {
      "identity" : "slideui",
      "kind" : "remoteSourceControl",
      "location" : "https://github.com/danielctull-playground/SlideUI",
      "state" : {
        "branch" : "main",
        "revision" : "88b369d1be1cbbed5d76461236427c8fac186375"
      }
    },
    {
      "identity" : "swift-argument-parser",
      "kind" : "remoteSourceControl",
      "location" : "https://github.com/apple/swift-argument-parser.git",
      "state" : {
        "revision" : "fee6933f37fde9a5e12a1e4aeaa93fe60116ff2a",
        "version" : "1.2.2"
      }
    },
    {
      "identity" : "swift-cmark",
      "kind" : "remoteSourceControl",
      "location" : "https://github.com/apple/swift-cmark.git",
      "state" : {
        "revision" : "29d9c97e6310b87c4799268eaa2fc76164b2dbd8",
        "version" : "0.2.0"
      }
    },
    {
      "identity" : "swift-format",
      "kind" : "remoteSourceControl",
      "location" : "https://github.com/apple/swift-format",
      "state" : {
        "branch" : "main",
        "revision" : "c6484ec0c62c09ad07288c1afcf944923cdf2c90"
      }
    },
    {
      "identity" : "swift-markdown",
      "kind" : "remoteSourceControl",
      "location" : "https://github.com/apple/swift-markdown.git",
      "state" : {
        "revision" : "68b2fed9fb12fb71ac81e537f08bed430b189e35",
        "version" : "0.2.0"
      }
    },
    {
      "identity" : "swift-syntax",
      "kind" : "remoteSourceControl",
      "location" : "https://github.com/apple/swift-syntax",
      "state" : {
        "branch" : "main",
        "revision" : "5a914f9c07b4db4984e56bed0964f2518dd0dc1d"
      }
    }
  ],
  "version" : 2
}
