// !$*UTF8*$!
{
	archiveVersion = 1;
	classes = {
	};
	objectVersion = 56;
	objects = {

/* Begin PBXBuildFile section */
		63B02BC52AA344EA00840345 /* SlideUIExtensions.swift in Sources */ = {isa = PBXBuildFile; fileRef = 63B02BC42AA344EA00840345 /* SlideUIExtensions.swift */; };
		65093BCA2A88AF5900DB4AF2 /* 2.DefiningTheProblem.swift in Sources */ = {isa = PBXBuildFile; fileRef = 65093BC92A88AF5900DB4AF2 /* 2.DefiningTheProblem.swift */; };
		6558564E2AA1ED1000384B1C /* 9.UsingEmptyView.swift in Sources */ = {isa = PBXBuildFile; fileRef = 6558564D2AA1ED1000384B1C /* 9.UsingEmptyView.swift */; };
		656B441B2AA0904C00F13B68 /* 5.CreatingLabelStyle.swift in Sources */ = {isa = PBXBuildFile; fileRef = 656B441A2AA0904C00F13B68 /* 5.CreatingLabelStyle.swift */; };
		656B441F2AA0950300F13B68 /* 7.CreatingDetail.swift in Sources */ = {isa = PBXBuildFile; fileRef = 656B441E2AA0950300F13B68 /* 7.CreatingDetail.swift */; };
		656B44212AA0951E00F13B68 /* 6.NewButtonLayout.swift in Sources */ = {isa = PBXBuildFile; fileRef = 656B44202AA0951E00F13B68 /* 6.NewButtonLayout.swift */; };
		656B44232AA0959300F13B68 /* 10.Summary.swift in Sources */ = {isa = PBXBuildFile; fileRef = 656B44222AA0959300F13B68 /* 10.Summary.swift */; };
		656B44252AA1E46200F13B68 /* 8.CreatingButtonDetail.swift in Sources */ = {isa = PBXBuildFile; fileRef = 656B44242AA1E46200F13B68 /* 8.CreatingButtonDetail.swift */; };
		65B6D3BA2A8E311800F26659 /* 1.WhatIsADesignSystem.swift in Sources */ = {isa = PBXBuildFile; fileRef = 65B6D3B92A8E311800F26659 /* 1.WhatIsADesignSystem.swift */; };
		65C407F32AA0877F00FA9A1E /* 4.LabelButtons.swift in Sources */ = {isa = PBXBuildFile; fileRef = 65C407F22AA0877F00FA9A1E /* 4.LabelButtons.swift */; };
		65ED070C2A9F548900BDC5AB /* File.swift in Sources */ = {isa = PBXBuildFile; fileRef = 65ED070B2A9F548900BDC5AB /* File.swift */; };
		65ED070E2A9F59F600BDC5AB /* 3.CreatingButtonStyle.swift in Sources */ = {isa = PBXBuildFile; fileRef = 65ED070D2A9F59F600BDC5AB /* 3.CreatingButtonStyle.swift */; };
		65ED950E2A7CE27B009D2DFC /* App.swift in Sources */ = {isa = PBXBuildFile; fileRef = 65ED950D2A7CE27B009D2DFC /* App.swift */; };
		65ED95102A7CE27B009D2DFC /* ContentView.swift in Sources */ = {isa = PBXBuildFile; fileRef = 65ED950F2A7CE27B009D2DFC /* ContentView.swift */; };
		65ED95122A7CE27D009D2DFC /* Assets.xcassets in Resources */ = {isa = PBXBuildFile; fileRef = 65ED95112A7CE27D009D2DFC /* Assets.xcassets */; };
		65ED95162A7CE27D009D2DFC /* Preview Assets.xcassets in Resources */ = {isa = PBXBuildFile; fileRef = 65ED95152A7CE27D009D2DFC /* Preview Assets.xcassets */; };
		65ED951E2A7CE2B3009D2DFC /* SlideUI in Frameworks */ = {isa = PBXBuildFile; productRef = 65ED951D2A7CE2B3009D2DFC /* SlideUI */; };
		65ED95202A7CE33A009D2DFC /* Styles.swift in Sources */ = {isa = PBXBuildFile; fileRef = 65ED951F2A7CE33A009D2DFC /* Styles.swift */; };
/* End PBXBuildFile section */

/* Begin PBXFileReference section */
		63B02BC42AA344EA00840345 /* SlideUIExtensions.swift */ = {isa = PBXFileReference; lastKnownFileType = sourcecode.swift; path = SlideUIExtensions.swift; sourceTree = "<group>"; };
		65093BC92A88AF5900DB4AF2 /* 2.DefiningTheProblem.swift */ = {isa = PBXFileReference; lastKnownFileType = sourcecode.swift; path = 2.DefiningTheProblem.swift; sourceTree = "<group>"; };
		6558564D2AA1ED1000384B1C /* 9.UsingEmptyView.swift */ = {isa = PBXFileReference; lastKnownFileType = sourcecode.swift; path = 9.UsingEmptyView.swift; sourceTree = "<group>"; };
		656B441A2AA0904C00F13B68 /* 5.CreatingLabelStyle.swift */ = {isa = PBXFileReference; lastKnownFileType = sourcecode.swift; path = 5.CreatingLabelStyle.swift; sourceTree = "<group>"; };
		656B441E2AA0950300F13B68 /* 7.CreatingDetail.swift */ = {isa = PBXFileReference; lastKnownFileType = sourcecode.swift; path = 7.CreatingDetail.swift; sourceTree = "<group>"; };
		656B44202AA0951E00F13B68 /* 6.NewButtonLayout.swift */ = {isa = PBXFileReference; fileEncoding = 4; lastKnownFileType = sourcecode.swift; path = 6.NewButtonLayout.swift; sourceTree = "<group>"; };
		656B44222AA0959300F13B68 /* 10.Summary.swift */ = {isa = PBXFileReference; lastKnownFileType = sourcecode.swift; path = 10.Summary.swift; sourceTree = "<group>"; };
		656B44242AA1E46200F13B68 /* 8.CreatingButtonDetail.swift */ = {isa = PBXFileReference; lastKnownFileType = sourcecode.swift; path = 8.CreatingButtonDetail.swift; sourceTree = "<group>"; };
		65B6D3B92A8E311800F26659 /* 1.WhatIsADesignSystem.swift */ = {isa = PBXFileReference; lastKnownFileType = sourcecode.swift; path = 1.WhatIsADesignSystem.swift; sourceTree = "<group>"; };
		65C407F22AA0877F00FA9A1E /* 4.LabelButtons.swift */ = {isa = PBXFileReference; lastKnownFileType = sourcecode.swift; path = 4.LabelButtons.swift; sourceTree = "<group>"; };
		65ED070B2A9F548900BDC5AB /* File.swift */ = {isa = PBXFileReference; lastKnownFileType = sourcecode.swift; path = File.swift; sourceTree = "<group>"; };
		65ED070D2A9F59F600BDC5AB /* 3.CreatingButtonStyle.swift */ = {isa = PBXFileReference; lastKnownFileType = sourcecode.swift; path = 3.CreatingButtonStyle.swift; sourceTree = "<group>"; };
		65ED950A2A7CE27B009D2DFC /* CreatingADesignSystemWithSwiftUI.app */ = {isa = PBXFileReference; explicitFileType = wrapper.application; includeInIndex = 0; path = CreatingADesignSystemWithSwiftUI.app; sourceTree = BUILT_PRODUCTS_DIR; };
		65ED950D2A7CE27B009D2DFC /* App.swift */ = {isa = PBXFileReference; lastKnownFileType = sourcecode.swift; path = App.swift; sourceTree = "<group>"; };
		65ED950F2A7CE27B009D2DFC /* ContentView.swift */ = {isa = PBXFileReference; lastKnownFileType = sourcecode.swift; path = ContentView.swift; sourceTree = "<group>"; };
		65ED95112A7CE27D009D2DFC /* Assets.xcassets */ = {isa = PBXFileReference; lastKnownFileType = folder.assetcatalog; path = Assets.xcassets; sourceTree = "<group>"; };
		65ED95132A7CE27D009D2DFC /* CreatingADesignSystemWithSwiftUI.entitlements */ = {isa = PBXFileReference; lastKnownFileType = text.plist.entitlements; path = CreatingADesignSystemWithSwiftUI.entitlements; sourceTree = "<group>"; };
		65ED95152A7CE27D009D2DFC /* Preview Assets.xcassets */ = {isa = PBXFileReference; lastKnownFileType = folder.assetcatalog; path = "Preview Assets.xcassets"; sourceTree = "<group>"; };
		65ED951F2A7CE33A009D2DFC /* Styles.swift */ = {isa = PBXFileReference; lastKnownFileType = sourcecode.swift; path = Styles.swift; sourceTree = "<group>"; };
/* End PBXFileReference section */

/* Begin PBXFrameworksBuildPhase section */
		65ED95072A7CE27B009D2DFC /* Frameworks */ = {
			isa = PBXFrameworksBuildPhase;
			buildActionMask = 2147483647;
			files = (
				65ED951E2A7CE2B3009D2DFC /* SlideUI in Frameworks */,
			);
			runOnlyForDeploymentPostprocessing = 0;
		};
/* End PBXFrameworksBuildPhase section */

/* Begin PBXGroup section */
		65ED95012A7CE27B009D2DFC = {
			isa = PBXGroup;
			children = (
				65ED950C2A7CE27B009D2DFC /* CreatingADesignSystemWithSwiftUI */,
				65ED950B2A7CE27B009D2DFC /* Products */,
			);
			sourceTree = "<group>";
		};
		65ED950B2A7CE27B009D2DFC /* Products */ = {
			isa = PBXGroup;
			children = (
				65ED950A2A7CE27B009D2DFC /* CreatingADesignSystemWithSwiftUI.app */,
			);
			name = Products;
			sourceTree = "<group>";
		};
		65ED950C2A7CE27B009D2DFC /* CreatingADesignSystemWithSwiftUI */ = {
			isa = PBXGroup;
			children = (
				65ED950D2A7CE27B009D2DFC /* App.swift */,
				65ED070B2A9F548900BDC5AB /* File.swift */,
				65ED950F2A7CE27B009D2DFC /* ContentView.swift */,
				65B6D3B92A8E311800F26659 /* 1.WhatIsADesignSystem.swift */,
				65093BC92A88AF5900DB4AF2 /* 2.DefiningTheProblem.swift */,
				65ED070D2A9F59F600BDC5AB /* 3.CreatingButtonStyle.swift */,
				65C407F22AA0877F00FA9A1E /* 4.LabelButtons.swift */,
				656B441A2AA0904C00F13B68 /* 5.CreatingLabelStyle.swift */,
				656B44202AA0951E00F13B68 /* 6.NewButtonLayout.swift */,
				656B441E2AA0950300F13B68 /* 7.CreatingDetail.swift */,
				656B44242AA1E46200F13B68 /* 8.CreatingButtonDetail.swift */,
				6558564D2AA1ED1000384B1C /* 9.UsingEmptyView.swift */,
				656B44222AA0959300F13B68 /* 10.Summary.swift */,
				65ED951F2A7CE33A009D2DFC /* Styles.swift */,
				63B02BC42AA344EA00840345 /* SlideUIExtensions.swift */,
				65ED95112A7CE27D009D2DFC /* Assets.xcassets */,
				65ED95132A7CE27D009D2DFC /* CreatingADesignSystemWithSwiftUI.entitlements */,
				65ED95142A7CE27D009D2DFC /* Preview Content */,
			);
			path = CreatingADesignSystemWithSwiftUI;
			sourceTree = "<group>";
		};
		65ED95142A7CE27D009D2DFC /* Preview Content */ = {
			isa = PBXGroup;
			children = (
				65ED95152A7CE27D009D2DFC /* Preview Assets.xcassets */,
			);
			path = "Preview Content";
			sourceTree = "<group>";
		};
/* End PBXGroup section */

/* Begin PBXNativeTarget section */
		65ED95092A7CE27B009D2DFC /* CreatingADesignSystemWithSwiftUI */ = {
			isa = PBXNativeTarget;
			buildConfigurationList = 65ED95192A7CE27D009D2DFC /* Build configuration list for PBXNativeTarget "CreatingADesignSystemWithSwiftUI" */;
			buildPhases = (
				65ED95062A7CE27B009D2DFC /* Sources */,
				65ED95072A7CE27B009D2DFC /* Frameworks */,
				65ED95082A7CE27B009D2DFC /* Resources */,
			);
			buildRules = (
			);
			dependencies = (
			);
			name = CreatingADesignSystemWithSwiftUI;
			packageProductDependencies = (
				65ED951D2A7CE2B3009D2DFC /* SlideUI */,
			);
			productName = CreatingADesignSystemWithSwiftUI;
			productReference = 65ED950A2A7CE27B009D2DFC /* CreatingADesignSystemWithSwiftUI.app */;
			productType = "com.apple.product-type.application";
		};
/* End PBXNativeTarget section */

/* Begin PBXProject section */
		65ED95022A7CE27B009D2DFC /* Project object */ = {
			isa = PBXProject;
			attributes = {
				BuildIndependentTargetsInParallel = 1;
				LastSwiftUpdateCheck = 1500;
				LastUpgradeCheck = 1500;
				TargetAttributes = {
					65ED95092A7CE27B009D2DFC = {
						CreatedOnToolsVersion = 15.0;
					};
				};
			};
			buildConfigurationList = 65ED95052A7CE27B009D2DFC /* Build configuration list for PBXProject "CreatingADesignSystemWithSwiftUI" */;
			compatibilityVersion = "Xcode 14.0";
			developmentRegion = en;
			hasScannedForEncodings = 0;
			knownRegions = (
				en,
				Base,
			);
			mainGroup = 65ED95012A7CE27B009D2DFC;
			packageReferences = (
				65ED951C2A7CE2B3009D2DFC /* XCRemoteSwiftPackageReference "SlideUI" */,
			);
			productRefGroup = 65ED950B2A7CE27B009D2DFC /* Products */;
			projectDirPath = "";
			projectRoot = "";
			targets = (
				65ED95092A7CE27B009D2DFC /* CreatingADesignSystemWithSwiftUI */,
			);
		};
/* End PBXProject section */

/* Begin PBXResourcesBuildPhase section */
		65ED95082A7CE27B009D2DFC /* Resources */ = {
			isa = PBXResourcesBuildPhase;
			buildActionMask = 2147483647;
			files = (
				65ED95162A7CE27D009D2DFC /* Preview Assets.xcassets in Resources */,
				65ED95122A7CE27D009D2DFC /* Assets.xcassets in Resources */,
			);
			runOnlyForDeploymentPostprocessing = 0;
		};
/* End PBXResourcesBuildPhase section */

/* Begin PBXSourcesBuildPhase section */
		65ED95062A7CE27B009D2DFC /* Sources */ = {
			isa = PBXSourcesBuildPhase;
			buildActionMask = 2147483647;
			files = (
				65ED070E2A9F59F600BDC5AB /* 3.CreatingButtonStyle.swift in Sources */,
				656B44212AA0951E00F13B68 /* 6.NewButtonLayout.swift in Sources */,
				65B6D3BA2A8E311800F26659 /* 1.WhatIsADesignSystem.swift in Sources */,
				656B441F2AA0950300F13B68 /* 7.CreatingDetail.swift in Sources */,
				6558564E2AA1ED1000384B1C /* 9.UsingEmptyView.swift in Sources */,
				656B44232AA0959300F13B68 /* 10.Summary.swift in Sources */,
				65C407F32AA0877F00FA9A1E /* 4.LabelButtons.swift in Sources */,
				65ED070C2A9F548900BDC5AB /* File.swift in Sources */,
				65ED95202A7CE33A009D2DFC /* Styles.swift in Sources */,
				65ED95102A7CE27B009D2DFC /* ContentView.swift in Sources */,
				656B441B2AA0904C00F13B68 /* 5.CreatingLabelStyle.swift in Sources */,
				656B44252AA1E46200F13B68 /* 8.CreatingButtonDetail.swift in Sources */,
				65ED950E2A7CE27B009D2DFC /* App.swift in Sources */,
				65093BCA2A88AF5900DB4AF2 /* 2.DefiningTheProblem.swift in Sources */,
				63B02BC52AA344EA00840345 /* SlideUIExtensions.swift in Sources */,
			);
			runOnlyForDeploymentPostprocessing = 0;
		};
/* End PBXSourcesBuildPhase section */

/* Begin XCBuildConfiguration section */
		65ED95172A7CE27D009D2DFC /* Debug */ = {
			isa = XCBuildConfiguration;
			buildSettings = {
				ALWAYS_SEARCH_USER_PATHS = NO;
				ASSETCATALOG_COMPILER_GENERATE_SWIFT_ASSET_SYMBOL_EXTENSIONS = YES;
				CLANG_ANALYZER_NONNULL = YES;
				CLANG_ANALYZER_NUMBER_OBJECT_CONVERSION = YES_AGGRESSIVE;
				CLANG_CXX_LANGUAGE_STANDARD = "gnu++20";
				CLANG_ENABLE_MODULES = YES;
				CLANG_ENABLE_OBJC_ARC = YES;
				CLANG_ENABLE_OBJC_WEAK = YES;
				CLANG_WARN_BLOCK_CAPTURE_AUTORELEASING = YES;
				CLANG_WARN_BOOL_CONVERSION = YES;
				CLANG_WARN_COMMA = YES;
				CLANG_WARN_CONSTANT_CONVERSION = YES;
				CLANG_WARN_DEPRECATED_OBJC_IMPLEMENTATIONS = YES;
				CLANG_WARN_DIRECT_OBJC_ISA_USAGE = YES_ERROR;
				CLANG_WARN_DOCUMENTATION_COMMENTS = YES;
				CLANG_WARN_EMPTY_BODY = YES;
				CLANG_WARN_ENUM_CONVERSION = YES;
				CLANG_WARN_INFINITE_RECURSION = YES;
				CLANG_WARN_INT_CONVERSION = YES;
				CLANG_WARN_NON_LITERAL_NULL_CONVERSION = YES;
				CLANG_WARN_OBJC_IMPLICIT_RETAIN_SELF = YES;
				CLANG_WARN_OBJC_LITERAL_CONVERSION = YES;
				CLANG_WARN_OBJC_ROOT_CLASS = YES_ERROR;
				CLANG_WARN_QUOTED_INCLUDE_IN_FRAMEWORK_HEADER = YES;
				CLANG_WARN_RANGE_LOOP_ANALYSIS = YES;
				CLANG_WARN_STRICT_PROTOTYPES = YES;
				CLANG_WARN_SUSPICIOUS_MOVE = YES;
				CLANG_WARN_UNGUARDED_AVAILABILITY = YES_AGGRESSIVE;
				CLANG_WARN_UNREACHABLE_CODE = YES;
				CLANG_WARN__DUPLICATE_METHOD_MATCH = YES;
				COPY_PHASE_STRIP = NO;
				DEBUG_INFORMATION_FORMAT = dwarf;
				ENABLE_STRICT_OBJC_MSGSEND = YES;
				ENABLE_TESTABILITY = YES;
				ENABLE_USER_SCRIPT_SANDBOXING = YES;
				GCC_C_LANGUAGE_STANDARD = gnu17;
				GCC_DYNAMIC_NO_PIC = NO;
				GCC_NO_COMMON_BLOCKS = YES;
				GCC_OPTIMIZATION_LEVEL = 0;
				GCC_PREPROCESSOR_DEFINITIONS = (
					"DEBUG=1",
					"$(inherited)",
				);
				GCC_WARN_64_TO_32_BIT_CONVERSION = YES;
				GCC_WARN_ABOUT_RETURN_TYPE = YES_ERROR;
				GCC_WARN_UNDECLARED_SELECTOR = YES;
				GCC_WARN_UNINITIALIZED_AUTOS = YES_AGGRESSIVE;
				GCC_WARN_UNUSED_FUNCTION = YES;
				GCC_WARN_UNUSED_VARIABLE = YES;
				LOCALIZATION_PREFERS_STRING_CATALOGS = YES;
				MTL_ENABLE_DEBUG_INFO = INCLUDE_SOURCE;
				MTL_FAST_MATH = YES;
				ONLY_ACTIVE_ARCH = YES;
				SWIFT_ACTIVE_COMPILATION_CONDITIONS = "DEBUG $(inherited)";
				SWIFT_OPTIMIZATION_LEVEL = "-Onone";
			};
			name = Debug;
		};
		65ED95182A7CE27D009D2DFC /* Release */ = {
			isa = XCBuildConfiguration;
			buildSettings = {
				ALWAYS_SEARCH_USER_PATHS = NO;
				ASSETCATALOG_COMPILER_GENERATE_SWIFT_ASSET_SYMBOL_EXTENSIONS = YES;
				CLANG_ANALYZER_NONNULL = YES;
				CLANG_ANALYZER_NUMBER_OBJECT_CONVERSION = YES_AGGRESSIVE;
				CLANG_CXX_LANGUAGE_STANDARD = "gnu++20";
				CLANG_ENABLE_MODULES = YES;
				CLANG_ENABLE_OBJC_ARC = YES;
				CLANG_ENABLE_OBJC_WEAK = YES;
				CLANG_WARN_BLOCK_CAPTURE_AUTORELEASING = YES;
				CLANG_WARN_BOOL_CONVERSION = YES;
				CLANG_WARN_COMMA = YES;
				CLANG_WARN_CONSTANT_CONVERSION = YES;
				CLANG_WARN_DEPRECATED_OBJC_IMPLEMENTATIONS = YES;
				CLANG_WARN_DIRECT_OBJC_ISA_USAGE = YES_ERROR;
				CLANG_WARN_DOCUMENTATION_COMMENTS = YES;
				CLANG_WARN_EMPTY_BODY = YES;
				CLANG_WARN_ENUM_CONVERSION = YES;
				CLANG_WARN_INFINITE_RECURSION = YES;
				CLANG_WARN_INT_CONVERSION = YES;
				CLANG_WARN_NON_LITERAL_NULL_CONVERSION = YES;
				CLANG_WARN_OBJC_IMPLICIT_RETAIN_SELF = YES;
				CLANG_WARN_OBJC_LITERAL_CONVERSION = YES;
				CLANG_WARN_OBJC_ROOT_CLASS = YES_ERROR;
				CLANG_WARN_QUOTED_INCLUDE_IN_FRAMEWORK_HEADER = YES;
				CLANG_WARN_RANGE_LOOP_ANALYSIS = YES;
				CLANG_WARN_STRICT_PROTOTYPES = YES;
				CLANG_WARN_SUSPICIOUS_MOVE = YES;
				CLANG_WARN_UNGUARDED_AVAILABILITY = YES_AGGRESSIVE;
				CLANG_WARN_UNREACHABLE_CODE = YES;
				CLANG_WARN__DUPLICATE_METHOD_MATCH = YES;
				COPY_PHASE_STRIP = NO;
				DEBUG_INFORMATION_FORMAT = "dwarf-with-dsym";
				ENABLE_NS_ASSERTIONS = NO;
				ENABLE_STRICT_OBJC_MSGSEND = YES;
				ENABLE_USER_SCRIPT_SANDBOXING = YES;
				GCC_C_LANGUAGE_STANDARD = gnu17;
				GCC_NO_COMMON_BLOCKS = YES;
				GCC_WARN_64_TO_32_BIT_CONVERSION = YES;
				GCC_WARN_ABOUT_RETURN_TYPE = YES_ERROR;
				GCC_WARN_UNDECLARED_SELECTOR = YES;
				GCC_WARN_UNINITIALIZED_AUTOS = YES_AGGRESSIVE;
				GCC_WARN_UNUSED_FUNCTION = YES;
				GCC_WARN_UNUSED_VARIABLE = YES;
				LOCALIZATION_PREFERS_STRING_CATALOGS = YES;
				MTL_ENABLE_DEBUG_INFO = NO;
				MTL_FAST_MATH = YES;
				SWIFT_COMPILATION_MODE = wholemodule;
			};
			name = Release;
		};
		65ED951A2A7CE27D009D2DFC /* Debug */ = {
			isa = XCBuildConfiguration;
			buildSettings = {
				ASSETCATALOG_COMPILER_APPICON_NAME = AppIcon;
				ASSETCATALOG_COMPILER_GLOBAL_ACCENT_COLOR_NAME = AccentColor;
				CODE_SIGN_ENTITLEMENTS = CreatingADesignSystemWithSwiftUI/CreatingADesignSystemWithSwiftUI.entitlements;
				CODE_SIGN_STYLE = Automatic;
				CURRENT_PROJECT_VERSION = 1;
				DEVELOPMENT_ASSET_PATHS = "\"CreatingADesignSystemWithSwiftUI/Preview Content\"";
				DEVELOPMENT_TEAM = B2M757K4LG;
				ENABLE_HARDENED_RUNTIME = YES;
				ENABLE_PREVIEWS = YES;
				GENERATE_INFOPLIST_FILE = YES;
				"INFOPLIST_KEY_UIApplicationSceneManifest_Generation[sdk=iphoneos*]" = YES;
				"INFOPLIST_KEY_UIApplicationSceneManifest_Generation[sdk=iphonesimulator*]" = YES;
				"INFOPLIST_KEY_UIApplicationSupportsIndirectInputEvents[sdk=iphoneos*]" = YES;
				"INFOPLIST_KEY_UIApplicationSupportsIndirectInputEvents[sdk=iphonesimulator*]" = YES;
				"INFOPLIST_KEY_UILaunchScreen_Generation[sdk=iphoneos*]" = YES;
				"INFOPLIST_KEY_UILaunchScreen_Generation[sdk=iphonesimulator*]" = YES;
				"INFOPLIST_KEY_UIStatusBarStyle[sdk=iphoneos*]" = UIStatusBarStyleDefault;
				"INFOPLIST_KEY_UIStatusBarStyle[sdk=iphonesimulator*]" = UIStatusBarStyleDefault;
				INFOPLIST_KEY_UISupportedInterfaceOrientations_iPad = "UIInterfaceOrientationPortrait UIInterfaceOrientationPortraitUpsideDown UIInterfaceOrientationLandscapeLeft UIInterfaceOrientationLandscapeRight";
				INFOPLIST_KEY_UISupportedInterfaceOrientations_iPhone = "UIInterfaceOrientationPortrait UIInterfaceOrientationLandscapeLeft UIInterfaceOrientationLandscapeRight";
				IPHONEOS_DEPLOYMENT_TARGET = 16.6;
				LD_RUNPATH_SEARCH_PATHS = "@executable_path/Frameworks";
				"LD_RUNPATH_SEARCH_PATHS[sdk=macosx*]" = "@executable_path/../Frameworks";
				MACOSX_DEPLOYMENT_TARGET = 13.4;
				MARKETING_VERSION = 1.0;
				PRODUCT_BUNDLE_IDENTIFIER = uk.co.danieltull.CreatingADesignSystemWithSwiftUI;
				PRODUCT_NAME = "$(TARGET_NAME)";
				SDKROOT = auto;
				SUPPORTED_PLATFORMS = "iphoneos iphonesimulator macosx";
				SWIFT_EMIT_LOC_STRINGS = YES;
				SWIFT_VERSION = 5.0;
				TARGETED_DEVICE_FAMILY = "1,2";
			};
			name = Debug;
		};
		65ED951B2A7CE27D009D2DFC /* Release */ = {
			isa = XCBuildConfiguration;
			buildSettings = {
				ASSETCATALOG_COMPILER_APPICON_NAME = AppIcon;
				ASSETCATALOG_COMPILER_GLOBAL_ACCENT_COLOR_NAME = AccentColor;
				CODE_SIGN_ENTITLEMENTS = CreatingADesignSystemWithSwiftUI/CreatingADesignSystemWithSwiftUI.entitlements;
				CODE_SIGN_STYLE = Automatic;
				CURRENT_PROJECT_VERSION = 1;
				DEVELOPMENT_ASSET_PATHS = "\"CreatingADesignSystemWithSwiftUI/Preview Content\"";
				DEVELOPMENT_TEAM = B2M757K4LG;
				ENABLE_HARDENED_RUNTIME = YES;
				ENABLE_PREVIEWS = YES;
				GENERATE_INFOPLIST_FILE = YES;
				"INFOPLIST_KEY_UIApplicationSceneManifest_Generation[sdk=iphoneos*]" = YES;
				"INFOPLIST_KEY_UIApplicationSceneManifest_Generation[sdk=iphonesimulator*]" = YES;
				"INFOPLIST_KEY_UIApplicationSupportsIndirectInputEvents[sdk=iphoneos*]" = YES;
				"INFOPLIST_KEY_UIApplicationSupportsIndirectInputEvents[sdk=iphonesimulator*]" = YES;
				"INFOPLIST_KEY_UILaunchScreen_Generation[sdk=iphoneos*]" = YES;
				"INFOPLIST_KEY_UILaunchScreen_Generation[sdk=iphonesimulator*]" = YES;
				"INFOPLIST_KEY_UIStatusBarStyle[sdk=iphoneos*]" = UIStatusBarStyleDefault;
				"INFOPLIST_KEY_UIStatusBarStyle[sdk=iphonesimulator*]" = UIStatusBarStyleDefault;
				INFOPLIST_KEY_UISupportedInterfaceOrientations_iPad = "UIInterfaceOrientationPortrait UIInterfaceOrientationPortraitUpsideDown UIInterfaceOrientationLandscapeLeft UIInterfaceOrientationLandscapeRight";
				INFOPLIST_KEY_UISupportedInterfaceOrientations_iPhone = "UIInterfaceOrientationPortrait UIInterfaceOrientationLandscapeLeft UIInterfaceOrientationLandscapeRight";
				IPHONEOS_DEPLOYMENT_TARGET = 16.6;
				LD_RUNPATH_SEARCH_PATHS = "@executable_path/Frameworks";
				"LD_RUNPATH_SEARCH_PATHS[sdk=macosx*]" = "@executable_path/../Frameworks";
				MACOSX_DEPLOYMENT_TARGET = 13.4;
				MARKETING_VERSION = 1.0;
				PRODUCT_BUNDLE_IDENTIFIER = uk.co.danieltull.CreatingADesignSystemWithSwiftUI;
				PRODUCT_NAME = "$(TARGET_NAME)";
				SDKROOT = auto;
				SUPPORTED_PLATFORMS = "iphoneos iphonesimulator macosx";
				SWIFT_EMIT_LOC_STRINGS = YES;
				SWIFT_VERSION = 5.0;
				TARGETED_DEVICE_FAMILY = "1,2";
			};
			name = Release;
		};
/* End XCBuildConfiguration section */

/* Begin XCConfigurationList section */
		65ED95052A7CE27B009D2DFC /* Build configuration list for PBXProject "CreatingADesignSystemWithSwiftUI" */ = {
			isa = XCConfigurationList;
			buildConfigurations = (
				65ED95172A7CE27D009D2DFC /* Debug */,
				65ED95182A7CE27D009D2DFC /* Release */,
			);
			defaultConfigurationIsVisible = 0;
			defaultConfigurationName = Release;
		};
		65ED95192A7CE27D009D2DFC /* Build configuration list for PBXNativeTarget "CreatingADesignSystemWithSwiftUI" */ = {
			isa = XCConfigurationList;
			buildConfigurations = (
				65ED951A2A7CE27D009D2DFC /* Debug */,
				65ED951B2A7CE27D009D2DFC /* Release */,
			);
			defaultConfigurationIsVisible = 0;
			defaultConfigurationName = Release;
		};
/* End XCConfigurationList section */

/* Begin XCRemoteSwiftPackageReference section */
		65ED951C2A7CE2B3009D2DFC /* XCRemoteSwiftPackageReference "SlideUI" */ = {
			isa = XCRemoteSwiftPackageReference;
			repositoryURL = "https://github.com/danielctull-playground/SlideUI";
			requirement = {
				branch = "syntax-highlighting";
				kind = branch;
			};
		};
/* End XCRemoteSwiftPackageReference section */

/* Begin XCSwiftPackageProductDependency section */
		65ED951D2A7CE2B3009D2DFC /* SlideUI */ = {
			isa = XCSwiftPackageProductDependency;
			package = 65ED951C2A7CE2B3009D2DFC /* XCRemoteSwiftPackageReference "SlideUI" */;
			productName = SlideUI;
		};
/* End XCSwiftPackageProductDependency section */
	};
	rootObject = 65ED95022A7CE27B009D2DFC /* Project object */;
}
